
Microsoft Visual Studio Solution File, Format Version 12.00
# Visual Studio Version 16
VisualStudioVersion = 16.0.30717.126
MinimumVisualStudioVersion = 10.0.40219.1
Project("{FAE04EC0-301F-11D3-BF4B-00C04F79EFBC}") = "LOGIN", "LOGIN\LOGIN.csproj", "{902C9F2D-D45E-45D0-80DC-4BC3CBE4754C}"
EndProject
Project("{FAE04EC0-301F-11D3-BF4B-00C04F79EFBC}") = "Infra", "Infra\Infra.csproj", "{2808A250-9B10-48DA-91E3-65710B45A4DA}"
EndProject
Project("{FAE04EC0-301F-11D3-BF4B-00C04F79EFBC}") = "LoginTest", "LoginTest\LoginTest.csproj", "{EA25C3E9-2481-4C94-B53D-FB2B21BE333E}"
EndProject
Global
	GlobalSection(SolutionConfigurationPlatforms) = preSolution
		Debug|Any CPU = Debug|Any CPU
		Release|Any CPU = Release|Any CPU
	EndGlobalSection
	GlobalSection(ProjectConfigurationPlatforms) = postSolution
		{902C9F2D-D45E-45D0-80DC-4BC3CBE4754C}.Debug|Any CPU.ActiveCfg = Debug|Any CPU
		{902C9F2D-D45E-45D0-80DC-4BC3CBE4754C}.Debug|Any CPU.Build.0 = Debug|Any CPU
		{902C9F2D-D45E-45D0-80DC-4BC3CBE4754C}.Release|Any CPU.ActiveCfg = Release|Any CPU
		{902C9F2D-D45E-45D0-80DC-4BC3CBE4754C}.Release|Any CPU.Build.0 = Release|Any CPU
		{2808A250-9B10-48DA-91E3-65710B45A4DA}.Debug|Any CPU.ActiveCfg = Debug|Any CPU
		{2808A250-9B10-48DA-91E3-65710B45A4DA}.Debug|Any CPU.Build.0 = Debug|Any CPU
		{2808A250-9B10-48DA-91E3-65710B45A4DA}.Release|Any CPU.ActiveCfg = Release|Any CPU
		{2808A250-9B10-48DA-91E3-65710B45A4DA}.Release|Any CPU.Build.0 = Release|Any CPU
		{EA25C3E9-2481-4C94-B53D-FB2B21BE333E}.Debug|Any CPU.ActiveCfg = Debug|Any CPU
		{EA25C3E9-2481-4C94-B53D-FB2B21BE333E}.Debug|Any CPU.Build.0 = Debug|Any CPU
		{EA25C3E9-2481-4C94-B53D-FB2B21BE333E}.Release|Any CPU.ActiveCfg = Release|Any CPU
		{EA25C3E9-2481-4C94-B53D-FB2B21BE333E}.Release|Any CPU.Build.0 = Release|Any CPU
	EndGlobalSection
	GlobalSection(SolutionProperties) = preSolution
		HideSolutionNode = FALSE
	EndGlobalSection
	GlobalSection(ExtensibilityGlobals) = postSolution
		SolutionGuid = {36BD967E-6E85-4270-8EA5-F083A2E86D04}
	EndGlobalSection
EndGlobal
